
Microsoft Visual Studio Solution File, Format Version 12.00
# Visual Studio 15
VisualStudioVersion = 15.0.28307.1062
MinimumVisualStudioVersion = 10.0.40219.1
Project("{FAE04EC0-301F-11D3-BF4B-00C04F79EFBC}") = "Initial-Form", "Initial-Form.csproj", "{E655B64D-2088-4651-80D6-181B1F40BFBA}"
EndProject
Global
	GlobalSection(SolutionConfigurationPlatforms) = preSolution
		Debug|Any CPU = Debug|Any CPU
		Release|Any CPU = Release|Any CPU
	EndGlobalSection
	GlobalSection(ProjectConfigurationPlatforms) = postSolution
		{E655B64D-2088-4651-80D6-181B1F40BFBA}.Debug|Any CPU.ActiveCfg = Debug|Any CPU
		{E655B64D-2088-4651-80D6-181B1F40BFBA}.Debug|Any CPU.Build.0 = Debug|Any CPU
		{E655B64D-2088-4651-80D6-181B1F40BFBA}.Release|Any CPU.ActiveCfg = Release|Any CPU
		{E655B64D-2088-4651-80D6-181B1F40BFBA}.Release|Any CPU.Build.0 = Release|Any CPU
	EndGlobalSection
	GlobalSection(SolutionProperties) = preSolution
		HideSolutionNode = FALSE
	EndGlobalSection
	GlobalSection(ExtensibilityGlobals) = postSolution
		SolutionGuid = {7B9223B9-D439-46BF-9F9A-11436735D88F}
	EndGlobalSection
EndGlobal
